
Microsoft Visual Studio Solution File, Format Version 12.00
# Visual Studio Version 17
VisualStudioVersion = 17.5.33530.505
MinimumVisualStudioVersion = 10.0.40219.1
Project("{9A19103F-16F7-4668-BE54-9A1E7A4F7556}") = "AspNetCoreIdentity.Web", "AspNetCoreIdentity.Web\AspNetCoreIdentity.Web.csproj", "{A368306D-1625-40AE-9FFE-20F45F4C808C}"
EndProject
Global
	GlobalSection(SolutionConfigurationPlatforms) = preSolution
		Debug|Any CPU = Debug|Any CPU
		Release|Any CPU = Release|Any CPU
	EndGlobalSection
	GlobalSection(ProjectConfigurationPlatforms) = postSolution
		{A368306D-1625-40AE-9FFE-20F45F4C808C}.Debug|Any CPU.ActiveCfg = Debug|Any CPU
		{A368306D-1625-40AE-9FFE-20F45F4C808C}.Debug|Any CPU.Build.0 = Debug|Any CPU
		{A368306D-1625-40AE-9FFE-20F45F4C808C}.Release|Any CPU.ActiveCfg = Release|Any CPU
		{A368306D-1625-40AE-9FFE-20F45F4C808C}.Release|Any CPU.Build.0 = Release|Any CPU
	EndGlobalSection
	GlobalSection(SolutionProperties) = preSolution
		HideSolutionNode = FALSE
	EndGlobalSection
	GlobalSection(ExtensibilityGlobals) = postSolution
		SolutionGuid = {5C606D6B-B50C-4CDB-848C-A899F070150E}
	EndGlobalSection
EndGlobal
